
Microsoft Visual Studio Solution File, Format Version 12.00
# Visual Studio Version 17
VisualStudioVersion = 17.14.36109.1
MinimumVisualStudioVersion = 10.0.40219.1
Project("{FAE04EC0-301F-11D3-BF4B-00C04F79EFBC}") = "WumpusWinForms", "WumpusWinForms\WumpusWinForms.csproj", "{F13E4AE9-373B-4A58-BA1F-CAD97A5283F4}"
EndProject
Project("{FAE04EC0-301F-11D3-BF4B-00C04F79EFBC}") = "Wumpus.Logic", "D:\Mati\Wumpus Project\WumpusCLI\ClassLibrary\Wumpus.Logic.csproj", "{7C71A670-47D3-4C06-8E5D-ABAC03DA011A}"
EndProject
Global
	GlobalSection(SolutionConfigurationPlatforms) = preSolution
		Debug|Any CPU = Debug|Any CPU
		Release|Any CPU = Release|Any CPU
	EndGlobalSection
	GlobalSection(ProjectConfigurationPlatforms) = postSolution
		{F13E4AE9-373B-4A58-BA1F-CAD97A5283F4}.Debug|Any CPU.ActiveCfg = Debug|Any CPU
		{F13E4AE9-373B-4A58-BA1F-CAD97A5283F4}.Debug|Any CPU.Build.0 = Debug|Any CPU
		{F13E4AE9-373B-4A58-BA1F-CAD97A5283F4}.Release|Any CPU.ActiveCfg = Release|Any CPU
		{F13E4AE9-373B-4A58-BA1F-CAD97A5283F4}.Release|Any CPU.Build.0 = Release|Any CPU
		{7C71A670-47D3-4C06-8E5D-ABAC03DA011A}.Debug|Any CPU.ActiveCfg = Debug|Any CPU
		{7C71A670-47D3-4C06-8E5D-ABAC03DA011A}.Debug|Any CPU.Build.0 = Debug|Any CPU
		{7C71A670-47D3-4C06-8E5D-ABAC03DA011A}.Release|Any CPU.ActiveCfg = Release|Any CPU
		{7C71A670-47D3-4C06-8E5D-ABAC03DA011A}.Release|Any CPU.Build.0 = Release|Any CPU
	EndGlobalSection
	GlobalSection(SolutionProperties) = preSolution
		HideSolutionNode = FALSE
	EndGlobalSection
	GlobalSection(ExtensibilityGlobals) = postSolution
		SolutionGuid = {D8C4F17A-99B6-42AF-A004-77E60DD5C13B}
	EndGlobalSection
EndGlobal
